
Microsoft Visual Studio Solution File, Format Version 12.00
# Visual Studio Version 16
VisualStudioVersion = 16.0.30330.147
MinimumVisualStudioVersion = 10.0.40219.1
Project("{2150E333-8FDC-42A3-9474-1A3956D46DE8}") = "Solution Items", "Solution Items", "{0C676864-9B81-4634-8073-9545EF33E14D}"
	ProjectSection(SolutionItems) = preProject
		run.runsettings = run.runsettings
	EndProjectSection
EndProject
Project("{9A19103F-16F7-4668-BE54-9A1E7A4F7556}") = "NUnitProject", "NUnitProject\NUnitProject.csproj", "{EC8BEDF5-1A14-445E-941B-BB7B9CB1D6F8}"
EndProject
Project("{9A19103F-16F7-4668-BE54-9A1E7A4F7556}") = "SpecflowProject", "SpecflowProject\SpecflowProject.csproj", "{B24D1C11-F7EE-40BC-8290-C963928CF2D4}"
EndProject
Global
	GlobalSection(SolutionConfigurationPlatforms) = preSolution
		Debug|Any CPU = Debug|Any CPU
		Release|Any CPU = Release|Any CPU
	EndGlobalSection
	GlobalSection(ProjectConfigurationPlatforms) = postSolution
		{EC8BEDF5-1A14-445E-941B-BB7B9CB1D6F8}.Debug|Any CPU.ActiveCfg = Debug|Any CPU
		{EC8BEDF5-1A14-445E-941B-BB7B9CB1D6F8}.Debug|Any CPU.Build.0 = Debug|Any CPU
		{EC8BEDF5-1A14-445E-941B-BB7B9CB1D6F8}.Release|Any CPU.ActiveCfg = Release|Any CPU
		{EC8BEDF5-1A14-445E-941B-BB7B9CB1D6F8}.Release|Any CPU.Build.0 = Release|Any CPU
		{B24D1C11-F7EE-40BC-8290-C963928CF2D4}.Debug|Any CPU.ActiveCfg = Debug|Any CPU
		{B24D1C11-F7EE-40BC-8290-C963928CF2D4}.Debug|Any CPU.Build.0 = Debug|Any CPU
		{B24D1C11-F7EE-40BC-8290-C963928CF2D4}.Release|Any CPU.ActiveCfg = Release|Any CPU
		{B24D1C11-F7EE-40BC-8290-C963928CF2D4}.Release|Any CPU.Build.0 = Release|Any CPU
	EndGlobalSection
	GlobalSection(SolutionProperties) = preSolution
		HideSolutionNode = FALSE
	EndGlobalSection
	GlobalSection(ExtensibilityGlobals) = postSolution
		SolutionGuid = {DFBD4C37-4C7E-46F6-AC04-2DB5F2591D72}
	EndGlobalSection
EndGlobal
